
Microsoft Visual Studio Solution File, Format Version 12.00
# Visual Studio Version 17
VisualStudioVersion = 17.5.33516.290
MinimumVisualStudioVersion = 10.0.40219.1
Project("{2150E333-8FDC-42A3-9474-1A3956D46DE8}") = "src", "src", "{4519B4E3-DFC8-4799-9DAF-794A05C5E1F4}"
EndProject
Project("{2150E333-8FDC-42A3-9474-1A3956D46DE8}") = "Modules", "Modules", "{E7EB0A59-5AA1-44E9-9577-A4B775FBB506}"
EndProject
Project("{2150E333-8FDC-42A3-9474-1A3956D46DE8}") = "Customers", "Customers", "{7FB71374-BB6F-42AC-AD0B-CDC957744997}"
EndProject
Project("{FAE04EC0-301F-11D3-BF4B-00C04F79EFBC}") = "Modules.Customers.Domain", "src\Modules\Customers\Modules.Customers.Domain\Modules.Customers.Domain.csproj", "{8CC40DD1-E39A-4919-8E37-7135A82611F0}"
EndProject
Project("{FAE04EC0-301F-11D3-BF4B-00C04F79EFBC}") = "Modules.Customers.Infrastructure", "src\Modules\Customers\Modules.Customers.Infrastructure\Modules.Customers.Infrastructure.csproj", "{B7A2B3BF-DF62-45D8-A7D8-9B841E6D7B72}"
EndProject
Project("{FAE04EC0-301F-11D3-BF4B-00C04F79EFBC}") = "Modules.Customers.Application", "src\Modules\Customers\Modules.Customers.Application\Modules.Customers.Application.csproj", "{70A76FB3-3DEB-4D39-8883-CAA8334F3EE5}"
EndProject
Project("{FAE04EC0-301F-11D3-BF4B-00C04F79EFBC}") = "Modules.Customers.Api", "src\Modules\Customers\Modules.Customers.Api\Modules.Customers.Api.csproj", "{0CC80DDA-4D0E-492E-BC86-38D35959B440}"
EndProject
Project("{2150E333-8FDC-42A3-9474-1A3956D46DE8}") = "Shared", "Shared", "{10FC5E0D-691B-4726-9634-FB560185F0DE}"
EndProject
Project("{FAE04EC0-301F-11D3-BF4B-00C04F79EFBC}") = "Shared.Infrastructure", "src\Shared\Shared.Infrastructure\Shared.Infrastructure.csproj", "{21A1BE07-9C97-4A63-9481-3E948ACEF899}"
EndProject
Project("{FAE04EC0-301F-11D3-BF4B-00C04F79EFBC}") = "Shared.Abstractions", "src\Shared\Shared.Abstractions\Shared.Abstractions.csproj", "{414E1FAE-40CD-44BC-9250-D600C138ED5B}"
EndProject
Project("{2150E333-8FDC-42A3-9474-1A3956D46DE8}") = "Bootstrapper", "Bootstrapper", "{337FAD1C-3188-4511-BB0C-1E5C42D8A37A}"
EndProject
Project("{FAE04EC0-301F-11D3-BF4B-00C04F79EFBC}") = "Bootstrapper", "src\Bootstrapper\Bootstrapper\Bootstrapper.csproj", "{34346536-2DF5-4E60-9C3D-ED69982BCA3B}"
EndProject
Project("{FAE04EC0-301F-11D3-BF4B-00C04F79EFBC}") = "Shared.Domain", "src\Shared\Shared.Domain\Shared.Domain.csproj", "{95F97C23-98E3-4A24-9261-7B471F85C73E}"
EndProject
Project("{2150E333-8FDC-42A3-9474-1A3956D46DE8}") = "Shops", "Shops", "{BC6990DB-BCBB-43BB-A657-A78428A51B3B}"
EndProject
Project("{FAE04EC0-301F-11D3-BF4B-00C04F79EFBC}") = "Modules.Shops.Domain", "src\Modules\Shops\Modules.Shops.Domain\Modules.Shops.Domain.csproj", "{EF6628A9-E60F-47E9-929D-193C06EA0957}"
EndProject
Project("{FAE04EC0-301F-11D3-BF4B-00C04F79EFBC}") = "Modules.Shops.Application", "src\Modules\Shops\Modules.Shops.Application\Modules.Shops.Application.csproj", "{935C48AB-0001-4FF2-A87F-A05EF93D0D6B}"
EndProject
Project("{FAE04EC0-301F-11D3-BF4B-00C04F79EFBC}") = "Modules.Shops.Infrastructure", "src\Modules\Shops\Modules.Shops.Infrastructure\Modules.Shops.Infrastructure.csproj", "{D7AE2A9C-CD13-4F7C-9BD7-FA05CC5D3B79}"
EndProject
Project("{FAE04EC0-301F-11D3-BF4B-00C04F79EFBC}") = "Modules.Shops.Api", "src\Modules\Shops\Modules.Shops.Api\Modules.Shops.Api.csproj", "{20CBB827-860E-44EA-BA61-63F499351333}"
EndProject
Project("{2150E333-8FDC-42A3-9474-1A3956D46DE8}") = "Products", "Products", "{9B2584D2-85EA-4B7A-BFCB-EAA238A74D69}"
EndProject
Project("{2150E333-8FDC-42A3-9474-1A3956D46DE8}") = "Orders", "Orders", "{712E44A9-9D33-4872-9958-9F40C07A6EC9}"
EndProject
Project("{2150E333-8FDC-42A3-9474-1A3956D46DE8}") = "Baskets", "Baskets", "{CE5F5EED-6361-48BF-84C0-0866E99203D5}"
EndProject
Project("{2150E333-8FDC-42A3-9474-1A3956D46DE8}") = "Invoices", "Invoices", "{5E9D661A-8DD1-458B-937B-20560428E46B}"
EndProject
Project("{FAE04EC0-301F-11D3-BF4B-00C04F79EFBC}") = "Modules.Products.Api", "src\Modules\Products\Modules.Products.Api\Modules.Products.Api.csproj", "{76540829-FAF0-4FD4-A087-77AB87C973C3}"
EndProject
Project("{FAE04EC0-301F-11D3-BF4B-00C04F79EFBC}") = "Modules.Products.Application", "src\Modules\Products\Modules.Products.Application\Modules.Products.Application.csproj", "{B73A2D89-6326-4457-95C7-DDD24F749A76}"
EndProject
Project("{FAE04EC0-301F-11D3-BF4B-00C04F79EFBC}") = "Modules.Products.Domain", "src\Modules\Products\Modules.Products.Domain\Modules.Products.Domain.csproj", "{C0276B59-F3F8-470F-AD05-BC41AEDE6F79}"
EndProject
Project("{FAE04EC0-301F-11D3-BF4B-00C04F79EFBC}") = "Modules.Products.Infrastructure", "src\Modules\Products\Modules.Products.Infrastructure\Modules.Products.Infrastructure.csproj", "{97475A3B-C884-4F95-B451-5D7DBCDDE8F6}"
EndProject
Project("{FAE04EC0-301F-11D3-BF4B-00C04F79EFBC}") = "Modules.Orders.Api", "src\Modules\Orders\Modules.Orders.Api\Modules.Orders.Api.csproj", "{1135CE96-7599-476E-8920-4E3C7C21AC19}"
EndProject
Project("{FAE04EC0-301F-11D3-BF4B-00C04F79EFBC}") = "Modules.Orders.Application", "src\Modules\Orders\Modules.Orders.Application\Modules.Orders.Application.csproj", "{9F0105A1-E55A-479F-A1DE-F96DD5FC385B}"
EndProject
Project("{FAE04EC0-301F-11D3-BF4B-00C04F79EFBC}") = "Modules.Orders.Domain", "src\Modules\Orders\Modules.Orders.Domain\Modules.Orders.Domain.csproj", "{482EF568-DF14-4291-A278-6235B5B54A5B}"
EndProject
Project("{FAE04EC0-301F-11D3-BF4B-00C04F79EFBC}") = "Modules.Orders.Infrastructure", "src\Modules\Orders\Modules.Orders.Infrastructure\Modules.Orders.Infrastructure.csproj", "{9FE2B142-8706-4659-9545-7860E3956D6D}"
EndProject
Project("{FAE04EC0-301F-11D3-BF4B-00C04F79EFBC}") = "Modules.Invoices.Api", "src\Modules\Invoices\Modules.Invoices.Api\Modules.Invoices.Api.csproj", "{D2974AAD-D981-44CA-9F2E-1F5AF597C3B7}"
EndProject
Project("{FAE04EC0-301F-11D3-BF4B-00C04F79EFBC}") = "Modules.Invoices.Application", "src\Modules\Invoices\Modules.Invoices.Application\Modules.Invoices.Application.csproj", "{15A888FF-2A4A-483C-8C23-3F26D1417A19}"
EndProject
Project("{FAE04EC0-301F-11D3-BF4B-00C04F79EFBC}") = "Modules.Invoices.Domain", "src\Modules\Invoices\Modules.Invoices.Domain\Modules.Invoices.Domain.csproj", "{2CA566B5-9147-494C-B295-C3F9F1A9F7ED}"
EndProject
Project("{FAE04EC0-301F-11D3-BF4B-00C04F79EFBC}") = "Modules.Invoices.Infrastructure", "src\Modules\Invoices\Modules.Invoices.Infrastructure\Modules.Invoices.Infrastructure.csproj", "{FF8911E0-293A-49C3-A3CE-7AFEE99224D6}"
EndProject
Project("{FAE04EC0-301F-11D3-BF4B-00C04F79EFBC}") = "Modules.Baskets.Api", "src\Modules\Baskets\Modules.Baskets.Api\Modules.Baskets.Api.csproj", "{AFB2B291-273B-4A11-87A9-56CAD1C20718}"
EndProject
Project("{FAE04EC0-301F-11D3-BF4B-00C04F79EFBC}") = "Modules.Baskets.Application", "src\Modules\Baskets\Modules.Baskets.Application\Modules.Baskets.Application.csproj", "{000BB496-9847-4091-B989-5A7EE518C623}"
EndProject
Project("{FAE04EC0-301F-11D3-BF4B-00C04F79EFBC}") = "Modules.Baskets.Domain", "src\Modules\Baskets\Modules.Baskets.Domain\Modules.Baskets.Domain.csproj", "{C7012626-3C6B-4FB8-B083-2579FA564CB2}"
EndProject
Project("{FAE04EC0-301F-11D3-BF4B-00C04F79EFBC}") = "Modules.Baskets.Infrastructure", "src\Modules\Baskets\Modules.Baskets.Infrastructure\Modules.Baskets.Infrastructure.csproj", "{D4713301-2587-4DA4-8505-CC52EC216FAE}"
EndProject
Project("{FAE04EC0-301F-11D3-BF4B-00C04F79EFBC}") = "Shared.Application", "src\Shared\Shared.Application\Shared.Application.csproj", "{33785A77-B8DC-47B2-8A1F-0DE504499628}"
EndProject
Global
	GlobalSection(SolutionConfigurationPlatforms) = preSolution
		Debug|Any CPU = Debug|Any CPU
		Release|Any CPU = Release|Any CPU
	EndGlobalSection
	GlobalSection(ProjectConfigurationPlatforms) = postSolution
		{8CC40DD1-E39A-4919-8E37-7135A82611F0}.Debug|Any CPU.ActiveCfg = Debug|Any CPU
		{8CC40DD1-E39A-4919-8E37-7135A82611F0}.Debug|Any CPU.Build.0 = Debug|Any CPU
		{8CC40DD1-E39A-4919-8E37-7135A82611F0}.Release|Any CPU.ActiveCfg = Release|Any CPU
		{8CC40DD1-E39A-4919-8E37-7135A82611F0}.Release|Any CPU.Build.0 = Release|Any CPU
		{B7A2B3BF-DF62-45D8-A7D8-9B841E6D7B72}.Debug|Any CPU.ActiveCfg = Debug|Any CPU
		{B7A2B3BF-DF62-45D8-A7D8-9B841E6D7B72}.Debug|Any CPU.Build.0 = Debug|Any CPU
		{B7A2B3BF-DF62-45D8-A7D8-9B841E6D7B72}.Release|Any CPU.ActiveCfg = Release|Any CPU
		{B7A2B3BF-DF62-45D8-A7D8-9B841E6D7B72}.Release|Any CPU.Build.0 = Release|Any CPU
		{70A76FB3-3DEB-4D39-8883-CAA8334F3EE5}.Debug|Any CPU.ActiveCfg = Debug|Any CPU
		{70A76FB3-3DEB-4D39-8883-CAA8334F3EE5}.Debug|Any CPU.Build.0 = Debug|Any CPU
		{70A76FB3-3DEB-4D39-8883-CAA8334F3EE5}.Release|Any CPU.ActiveCfg = Release|Any CPU
		{70A76FB3-3DEB-4D39-8883-CAA8334F3EE5}.Release|Any CPU.Build.0 = Release|Any CPU
		{0CC80DDA-4D0E-492E-BC86-38D35959B440}.Debug|Any CPU.ActiveCfg = Debug|Any CPU
		{0CC80DDA-4D0E-492E-BC86-38D35959B440}.Debug|Any CPU.Build.0 = Debug|Any CPU
		{0CC80DDA-4D0E-492E-BC86-38D35959B440}.Release|Any CPU.ActiveCfg = Release|Any CPU
		{0CC80DDA-4D0E-492E-BC86-38D35959B440}.Release|Any CPU.Build.0 = Release|Any CPU
		{21A1BE07-9C97-4A63-9481-3E948ACEF899}.Debug|Any CPU.ActiveCfg = Debug|Any CPU
		{21A1BE07-9C97-4A63-9481-3E948ACEF899}.Debug|Any CPU.Build.0 = Debug|Any CPU
		{21A1BE07-9C97-4A63-9481-3E948ACEF899}.Release|Any CPU.ActiveCfg = Release|Any CPU
		{21A1BE07-9C97-4A63-9481-3E948ACEF899}.Release|Any CPU.Build.0 = Release|Any CPU
		{414E1FAE-40CD-44BC-9250-D600C138ED5B}.Debug|Any CPU.ActiveCfg = Debug|Any CPU
		{414E1FAE-40CD-44BC-9250-D600C138ED5B}.Debug|Any CPU.Build.0 = Debug|Any CPU
		{414E1FAE-40CD-44BC-9250-D600C138ED5B}.Release|Any CPU.ActiveCfg = Release|Any CPU
		{414E1FAE-40CD-44BC-9250-D600C138ED5B}.Release|Any CPU.Build.0 = Release|Any CPU
		{34346536-2DF5-4E60-9C3D-ED69982BCA3B}.Debug|Any CPU.ActiveCfg = Debug|Any CPU
		{34346536-2DF5-4E60-9C3D-ED69982BCA3B}.Debug|Any CPU.Build.0 = Debug|Any CPU
		{34346536-2DF5-4E60-9C3D-ED69982BCA3B}.Release|Any CPU.ActiveCfg = Release|Any CPU
		{34346536-2DF5-4E60-9C3D-ED69982BCA3B}.Release|Any CPU.Build.0 = Release|Any CPU
		{95F97C23-98E3-4A24-9261-7B471F85C73E}.Debug|Any CPU.ActiveCfg = Debug|Any CPU
		{95F97C23-98E3-4A24-9261-7B471F85C73E}.Debug|Any CPU.Build.0 = Debug|Any CPU
		{95F97C23-98E3-4A24-9261-7B471F85C73E}.Release|Any CPU.ActiveCfg = Release|Any CPU
		{95F97C23-98E3-4A24-9261-7B471F85C73E}.Release|Any CPU.Build.0 = Release|Any CPU
		{EF6628A9-E60F-47E9-929D-193C06EA0957}.Debug|Any CPU.ActiveCfg = Debug|Any CPU
		{EF6628A9-E60F-47E9-929D-193C06EA0957}.Debug|Any CPU.Build.0 = Debug|Any CPU
		{EF6628A9-E60F-47E9-929D-193C06EA0957}.Release|Any CPU.ActiveCfg = Release|Any CPU
		{EF6628A9-E60F-47E9-929D-193C06EA0957}.Release|Any CPU.Build.0 = Release|Any CPU
		{935C48AB-0001-4FF2-A87F-A05EF93D0D6B}.Debug|Any CPU.ActiveCfg = Debug|Any CPU
		{935C48AB-0001-4FF2-A87F-A05EF93D0D6B}.Debug|Any CPU.Build.0 = Debug|Any CPU
		{935C48AB-0001-4FF2-A87F-A05EF93D0D6B}.Release|Any CPU.ActiveCfg = Release|Any CPU
		{935C48AB-0001-4FF2-A87F-A05EF93D0D6B}.Release|Any CPU.Build.0 = Release|Any CPU
		{D7AE2A9C-CD13-4F7C-9BD7-FA05CC5D3B79}.Debug|Any CPU.ActiveCfg = Debug|Any CPU
		{D7AE2A9C-CD13-4F7C-9BD7-FA05CC5D3B79}.Debug|Any CPU.Build.0 = Debug|Any CPU
		{D7AE2A9C-CD13-4F7C-9BD7-FA05CC5D3B79}.Release|Any CPU.ActiveCfg = Release|Any CPU
		{D7AE2A9C-CD13-4F7C-9BD7-FA05CC5D3B79}.Release|Any CPU.Build.0 = Release|Any CPU
		{20CBB827-860E-44EA-BA61-63F499351333}.Debug|Any CPU.ActiveCfg = Debug|Any CPU
		{20CBB827-860E-44EA-BA61-63F499351333}.Debug|Any CPU.Build.0 = Debug|Any CPU
		{20CBB827-860E-44EA-BA61-63F499351333}.Release|Any CPU.ActiveCfg = Release|Any CPU
		{20CBB827-860E-44EA-BA61-63F499351333}.Release|Any CPU.Build.0 = Release|Any CPU
		{76540829-FAF0-4FD4-A087-77AB87C973C3}.Debug|Any CPU.ActiveCfg = Debug|Any CPU
		{76540829-FAF0-4FD4-A087-77AB87C973C3}.Debug|Any CPU.Build.0 = Debug|Any CPU
		{76540829-FAF0-4FD4-A087-77AB87C973C3}.Release|Any CPU.ActiveCfg = Release|Any CPU
		{76540829-FAF0-4FD4-A087-77AB87C973C3}.Release|Any CPU.Build.0 = Release|Any CPU
		{B73A2D89-6326-4457-95C7-DDD24F749A76}.Debug|Any CPU.ActiveCfg = Debug|Any CPU
		{B73A2D89-6326-4457-95C7-DDD24F749A76}.Debug|Any CPU.Build.0 = Debug|Any CPU
		{B73A2D89-6326-4457-95C7-DDD24F749A76}.Release|Any CPU.ActiveCfg = Release|Any CPU
		{B73A2D89-6326-4457-95C7-DDD24F749A76}.Release|Any CPU.Build.0 = Release|Any CPU
		{C0276B59-F3F8-470F-AD05-BC41AEDE6F79}.Debug|Any CPU.ActiveCfg = Debug|Any CPU
		{C0276B59-F3F8-470F-AD05-BC41AEDE6F79}.Debug|Any CPU.Build.0 = Debug|Any CPU
		{C0276B59-F3F8-470F-AD05-BC41AEDE6F79}.Release|Any CPU.ActiveCfg = Release|Any CPU
		{C0276B59-F3F8-470F-AD05-BC41AEDE6F79}.Release|Any CPU.Build.0 = Release|Any CPU
		{97475A3B-C884-4F95-B451-5D7DBCDDE8F6}.Debug|Any CPU.ActiveCfg = Debug|Any CPU
		{97475A3B-C884-4F95-B451-5D7DBCDDE8F6}.Debug|Any CPU.Build.0 = Debug|Any CPU
		{97475A3B-C884-4F95-B451-5D7DBCDDE8F6}.Release|Any CPU.ActiveCfg = Release|Any CPU
		{97475A3B-C884-4F95-B451-5D7DBCDDE8F6}.Release|Any CPU.Build.0 = Release|Any CPU
		{1135CE96-7599-476E-8920-4E3C7C21AC19}.Debug|Any CPU.ActiveCfg = Debug|Any CPU
		{1135CE96-7599-476E-8920-4E3C7C21AC19}.Debug|Any CPU.Build.0 = Debug|Any CPU
		{1135CE96-7599-476E-8920-4E3C7C21AC19}.Release|Any CPU.ActiveCfg = Release|Any CPU
		{1135CE96-7599-476E-8920-4E3C7C21AC19}.Release|Any CPU.Build.0 = Release|Any CPU
		{9F0105A1-E55A-479F-A1DE-F96DD5FC385B}.Debug|Any CPU.ActiveCfg = Debug|Any CPU
		{9F0105A1-E55A-479F-A1DE-F96DD5FC385B}.Debug|Any CPU.Build.0 = Debug|Any CPU
		{9F0105A1-E55A-479F-A1DE-F96DD5FC385B}.Release|Any CPU.ActiveCfg = Release|Any CPU
		{9F0105A1-E55A-479F-A1DE-F96DD5FC385B}.Release|Any CPU.Build.0 = Release|Any CPU
		{482EF568-DF14-4291-A278-6235B5B54A5B}.Debug|Any CPU.ActiveCfg = Debug|Any CPU
		{482EF568-DF14-4291-A278-6235B5B54A5B}.Debug|Any CPU.Build.0 = Debug|Any CPU
		{482EF568-DF14-4291-A278-6235B5B54A5B}.Release|Any CPU.ActiveCfg = Release|Any CPU
		{482EF568-DF14-4291-A278-6235B5B54A5B}.Release|Any CPU.Build.0 = Release|Any CPU
		{9FE2B142-8706-4659-9545-7860E3956D6D}.Debug|Any CPU.ActiveCfg = Debug|Any CPU
		{9FE2B142-8706-4659-9545-7860E3956D6D}.Debug|Any CPU.Build.0 = Debug|Any CPU
		{9FE2B142-8706-4659-9545-7860E3956D6D}.Release|Any CPU.ActiveCfg = Release|Any CPU
		{9FE2B142-8706-4659-9545-7860E3956D6D}.Release|Any CPU.Build.0 = Release|Any CPU
		{D2974AAD-D981-44CA-9F2E-1F5AF597C3B7}.Debug|Any CPU.ActiveCfg = Debug|Any CPU
		{D2974AAD-D981-44CA-9F2E-1F5AF597C3B7}.Debug|Any CPU.Build.0 = Debug|Any CPU
		{D2974AAD-D981-44CA-9F2E-1F5AF597C3B7}.Release|Any CPU.ActiveCfg = Release|Any CPU
		{D2974AAD-D981-44CA-9F2E-1F5AF597C3B7}.Release|Any CPU.Build.0 = Release|Any CPU
		{15A888FF-2A4A-483C-8C23-3F26D1417A19}.Debug|Any CPU.ActiveCfg = Debug|Any CPU
		{15A888FF-2A4A-483C-8C23-3F26D1417A19}.Debug|Any CPU.Build.0 = Debug|Any CPU
		{15A888FF-2A4A-483C-8C23-3F26D1417A19}.Release|Any CPU.ActiveCfg = Release|Any CPU
		{15A888FF-2A4A-483C-8C23-3F26D1417A19}.Release|Any CPU.Build.0 = Release|Any CPU
		{2CA566B5-9147-494C-B295-C3F9F1A9F7ED}.Debug|Any CPU.ActiveCfg = Debug|Any CPU
		{2CA566B5-9147-494C-B295-C3F9F1A9F7ED}.Debug|Any CPU.Build.0 = Debug|Any CPU
		{2CA566B5-9147-494C-B295-C3F9F1A9F7ED}.Release|Any CPU.ActiveCfg = Release|Any CPU
		{2CA566B5-9147-494C-B295-C3F9F1A9F7ED}.Release|Any CPU.Build.0 = Release|Any CPU
		{FF8911E0-293A-49C3-A3CE-7AFEE99224D6}.Debug|Any CPU.ActiveCfg = Debug|Any CPU
		{FF8911E0-293A-49C3-A3CE-7AFEE99224D6}.Debug|Any CPU.Build.0 = Debug|Any CPU
		{FF8911E0-293A-49C3-A3CE-7AFEE99224D6}.Release|Any CPU.ActiveCfg = Release|Any CPU
		{FF8911E0-293A-49C3-A3CE-7AFEE99224D6}.Release|Any CPU.Build.0 = Release|Any CPU
		{AFB2B291-273B-4A11-87A9-56CAD1C20718}.Debug|Any CPU.ActiveCfg = Debug|Any CPU
		{AFB2B291-273B-4A11-87A9-56CAD1C20718}.Debug|Any CPU.Build.0 = Debug|Any CPU
		{AFB2B291-273B-4A11-87A9-56CAD1C20718}.Release|Any CPU.ActiveCfg = Release|Any CPU
		{AFB2B291-273B-4A11-87A9-56CAD1C20718}.Release|Any CPU.Build.0 = Release|Any CPU
		{000BB496-9847-4091-B989-5A7EE518C623}.Debug|Any CPU.ActiveCfg = Debug|Any CPU
		{000BB496-9847-4091-B989-5A7EE518C623}.Debug|Any CPU.Build.0 = Debug|Any CPU
		{000BB496-9847-4091-B989-5A7EE518C623}.Release|Any CPU.ActiveCfg = Release|Any CPU
		{000BB496-9847-4091-B989-5A7EE518C623}.Release|Any CPU.Build.0 = Release|Any CPU
		{C7012626-3C6B-4FB8-B083-2579FA564CB2}.Debug|Any CPU.ActiveCfg = Debug|Any CPU
		{C7012626-3C6B-4FB8-B083-2579FA564CB2}.Debug|Any CPU.Build.0 = Debug|Any CPU
		{C7012626-3C6B-4FB8-B083-2579FA564CB2}.Release|Any CPU.ActiveCfg = Release|Any CPU
		{C7012626-3C6B-4FB8-B083-2579FA564CB2}.Release|Any CPU.Build.0 = Release|Any CPU
		{D4713301-2587-4DA4-8505-CC52EC216FAE}.Debug|Any CPU.ActiveCfg = Debug|Any CPU
		{D4713301-2587-4DA4-8505-CC52EC216FAE}.Debug|Any CPU.Build.0 = Debug|Any CPU
		{D4713301-2587-4DA4-8505-CC52EC216FAE}.Release|Any CPU.ActiveCfg = Release|Any CPU
		{D4713301-2587-4DA4-8505-CC52EC216FAE}.Release|Any CPU.Build.0 = Release|Any CPU
		{33785A77-B8DC-47B2-8A1F-0DE504499628}.Debug|Any CPU.ActiveCfg = Debug|Any CPU
		{33785A77-B8DC-47B2-8A1F-0DE504499628}.Debug|Any CPU.Build.0 = Debug|Any CPU
		{33785A77-B8DC-47B2-8A1F-0DE504499628}.Release|Any CPU.ActiveCfg = Release|Any CPU
		{33785A77-B8DC-47B2-8A1F-0DE504499628}.Release|Any CPU.Build.0 = Release|Any CPU
	EndGlobalSection
	GlobalSection(SolutionProperties) = preSolution
		HideSolutionNode = FALSE
	EndGlobalSection
	GlobalSection(NestedProjects) = preSolution
		{E7EB0A59-5AA1-44E9-9577-A4B775FBB506} = {4519B4E3-DFC8-4799-9DAF-794A05C5E1F4}
		{7FB71374-BB6F-42AC-AD0B-CDC957744997} = {E7EB0A59-5AA1-44E9-9577-A4B775FBB506}
		{8CC40DD1-E39A-4919-8E37-7135A82611F0} = {7FB71374-BB6F-42AC-AD0B-CDC957744997}
		{B7A2B3BF-DF62-45D8-A7D8-9B841E6D7B72} = {7FB71374-BB6F-42AC-AD0B-CDC957744997}
		{70A76FB3-3DEB-4D39-8883-CAA8334F3EE5} = {7FB71374-BB6F-42AC-AD0B-CDC957744997}
		{0CC80DDA-4D0E-492E-BC86-38D35959B440} = {7FB71374-BB6F-42AC-AD0B-CDC957744997}
		{10FC5E0D-691B-4726-9634-FB560185F0DE} = {4519B4E3-DFC8-4799-9DAF-794A05C5E1F4}
		{21A1BE07-9C97-4A63-9481-3E948ACEF899} = {10FC5E0D-691B-4726-9634-FB560185F0DE}
		{414E1FAE-40CD-44BC-9250-D600C138ED5B} = {10FC5E0D-691B-4726-9634-FB560185F0DE}
		{337FAD1C-3188-4511-BB0C-1E5C42D8A37A} = {4519B4E3-DFC8-4799-9DAF-794A05C5E1F4}
		{34346536-2DF5-4E60-9C3D-ED69982BCA3B} = {337FAD1C-3188-4511-BB0C-1E5C42D8A37A}
		{95F97C23-98E3-4A24-9261-7B471F85C73E} = {10FC5E0D-691B-4726-9634-FB560185F0DE}
		{BC6990DB-BCBB-43BB-A657-A78428A51B3B} = {E7EB0A59-5AA1-44E9-9577-A4B775FBB506}
		{EF6628A9-E60F-47E9-929D-193C06EA0957} = {BC6990DB-BCBB-43BB-A657-A78428A51B3B}
		{935C48AB-0001-4FF2-A87F-A05EF93D0D6B} = {BC6990DB-BCBB-43BB-A657-A78428A51B3B}
		{D7AE2A9C-CD13-4F7C-9BD7-FA05CC5D3B79} = {BC6990DB-BCBB-43BB-A657-A78428A51B3B}
		{20CBB827-860E-44EA-BA61-63F499351333} = {BC6990DB-BCBB-43BB-A657-A78428A51B3B}
		{9B2584D2-85EA-4B7A-BFCB-EAA238A74D69} = {E7EB0A59-5AA1-44E9-9577-A4B775FBB506}
		{712E44A9-9D33-4872-9958-9F40C07A6EC9} = {E7EB0A59-5AA1-44E9-9577-A4B775FBB506}
		{CE5F5EED-6361-48BF-84C0-0866E99203D5} = {E7EB0A59-5AA1-44E9-9577-A4B775FBB506}
		{5E9D661A-8DD1-458B-937B-20560428E46B} = {E7EB0A59-5AA1-44E9-9577-A4B775FBB506}
		{76540829-FAF0-4FD4-A087-77AB87C973C3} = {9B2584D2-85EA-4B7A-BFCB-EAA238A74D69}
		{B73A2D89-6326-4457-95C7-DDD24F749A76} = {9B2584D2-85EA-4B7A-BFCB-EAA238A74D69}
		{C0276B59-F3F8-470F-AD05-BC41AEDE6F79} = {9B2584D2-85EA-4B7A-BFCB-EAA238A74D69}
		{97475A3B-C884-4F95-B451-5D7DBCDDE8F6} = {9B2584D2-85EA-4B7A-BFCB-EAA238A74D69}
		{1135CE96-7599-476E-8920-4E3C7C21AC19} = {712E44A9-9D33-4872-9958-9F40C07A6EC9}
		{9F0105A1-E55A-479F-A1DE-F96DD5FC385B} = {712E44A9-9D33-4872-9958-9F40C07A6EC9}
		{482EF568-DF14-4291-A278-6235B5B54A5B} = {712E44A9-9D33-4872-9958-9F40C07A6EC9}
		{9FE2B142-8706-4659-9545-7860E3956D6D} = {712E44A9-9D33-4872-9958-9F40C07A6EC9}
		{D2974AAD-D981-44CA-9F2E-1F5AF597C3B7} = {5E9D661A-8DD1-458B-937B-20560428E46B}
		{15A888FF-2A4A-483C-8C23-3F26D1417A19} = {5E9D661A-8DD1-458B-937B-20560428E46B}
		{2CA566B5-9147-494C-B295-C3F9F1A9F7ED} = {5E9D661A-8DD1-458B-937B-20560428E46B}
		{FF8911E0-293A-49C3-A3CE-7AFEE99224D6} = {5E9D661A-8DD1-458B-937B-20560428E46B}
		{AFB2B291-273B-4A11-87A9-56CAD1C20718} = {CE5F5EED-6361-48BF-84C0-0866E99203D5}
		{000BB496-9847-4091-B989-5A7EE518C623} = {CE5F5EED-6361-48BF-84C0-0866E99203D5}
		{C7012626-3C6B-4FB8-B083-2579FA564CB2} = {CE5F5EED-6361-48BF-84C0-0866E99203D5}
		{D4713301-2587-4DA4-8505-CC52EC216FAE} = {CE5F5EED-6361-48BF-84C0-0866E99203D5}
		{33785A77-B8DC-47B2-8A1F-0DE504499628} = {10FC5E0D-691B-4726-9634-FB560185F0DE}
	EndGlobalSection
	GlobalSection(ExtensibilityGlobals) = postSolution
		SolutionGuid = {62F69AFD-C788-4D6E-8088-A31F563BEF11}
	EndGlobalSection
EndGlobal
